// !$*UTF8*$!
{
	archiveVersion = 1;
	classes = {
	};
	objectVersion = 46;
	objects = {

/* Begin PBXBuildFile section */
		D34640FF1E95568300E00146 /* WrappingStackView.h in Headers */ = {isa = PBXBuildFile; fileRef = D34640FD1E95568300E00146 /* WrappingStackView.h */; settings = {ATTRIBUTES = (Public, ); }; };
		D34641071E95571D00E00146 /* WrappingStackView.swift in Sources */ = {isa = PBXBuildFile; fileRef = D34641061E95571D00E00146 /* WrappingStackView.swift */; };
		D34641091E95575200E00146 /* WrappingStackViewLine.swift in Sources */ = {isa = PBXBuildFile; fileRef = D34641081E95575200E00146 /* WrappingStackViewLine.swift */; };
		D346410B1E9557B100E00146 /* UIView+Distortion.swift in Sources */ = {isa = PBXBuildFile; fileRef = D346410A1E9557B100E00146 /* UIView+Distortion.swift */; };
		D3D303921E96769A00A6366C /* AppDelegate.swift in Sources */ = {isa = PBXBuildFile; fileRef = D3D303911E96769A00A6366C /* AppDelegate.swift */; };
		D3D303971E96769A00A6366C /* Main.storyboard in Resources */ = {isa = PBXBuildFile; fileRef = D3D303951E96769A00A6366C /* Main.storyboard */; };
		D3D303991E96769A00A6366C /* Assets.xcassets in Resources */ = {isa = PBXBuildFile; fileRef = D3D303981E96769A00A6366C /* Assets.xcassets */; };
		D3D3039C1E96769A00A6366C /* LaunchScreen.storyboard in Resources */ = {isa = PBXBuildFile; fileRef = D3D3039A1E96769A00A6366C /* LaunchScreen.storyboard */; };
		D3D303A11E967AA900A6366C /* WrappingStackView.framework in Frameworks */ = {isa = PBXBuildFile; fileRef = D34640FA1E95568300E00146 /* WrappingStackView.framework */; };
/* End PBXBuildFile section */

/* Begin PBXFileReference section */
		D34640FA1E95568300E00146 /* WrappingStackView.framework */ = {isa = PBXFileReference; explicitFileType = wrapper.framework; includeInIndex = 0; path = WrappingStackView.framework; sourceTree = BUILT_PRODUCTS_DIR; };
		D34640FD1E95568300E00146 /* WrappingStackView.h */ = {isa = PBXFileReference; lastKnownFileType = sourcecode.c.h; path = WrappingStackView.h; sourceTree = "<group>"; };
		D34640FE1E95568300E00146 /* Info.plist */ = {isa = PBXFileReference; lastKnownFileType = text.plist.xml; path = Info.plist; sourceTree = "<group>"; };
		D34641061E95571D00E00146 /* WrappingStackView.swift */ = {isa = PBXFileReference; fileEncoding = 4; lastKnownFileType = sourcecode.swift; path = WrappingStackView.swift; sourceTree = "<group>"; };
		D34641081E95575200E00146 /* WrappingStackViewLine.swift */ = {isa = PBXFileReference; fileEncoding = 4; lastKnownFileType = sourcecode.swift; path = WrappingStackViewLine.swift; sourceTree = "<group>"; };
		D346410A1E9557B100E00146 /* UIView+Distortion.swift */ = {isa = PBXFileReference; fileEncoding = 4; lastKnownFileType = sourcecode.swift; path = "UIView+Distortion.swift"; sourceTree = "<group>"; };
		D3D3038F1E96769A00A6366C /* WrappingStackViewExample.app */ = {isa = PBXFileReference; explicitFileType = wrapper.application; includeInIndex = 0; path = WrappingStackViewExample.app; sourceTree = BUILT_PRODUCTS_DIR; };
		D3D303911E96769A00A6366C /* AppDelegate.swift */ = {isa = PBXFileReference; lastKnownFileType = sourcecode.swift; path = AppDelegate.swift; sourceTree = "<group>"; };
		D3D303961E96769A00A6366C /* Base */ = {isa = PBXFileReference; lastKnownFileType = file.storyboard; name = Base; path = Base.lproj/Main.storyboard; sourceTree = "<group>"; };
		D3D303981E96769A00A6366C /* Assets.xcassets */ = {isa = PBXFileReference; lastKnownFileType = folder.assetcatalog; path = Assets.xcassets; sourceTree = "<group>"; };
		D3D3039B1E96769A00A6366C /* Base */ = {isa = PBXFileReference; lastKnownFileType = file.storyboard; name = Base; path = Base.lproj/LaunchScreen.storyboard; sourceTree = "<group>"; };
		D3D3039D1E96769A00A6366C /* Info.plist */ = {isa = PBXFileReference; lastKnownFileType = text.plist.xml; path = Info.plist; sourceTree = "<group>"; };
/* End PBXFileReference section */

/* Begin PBXFrameworksBuildPhase section */
		D34640F61E95568300E00146 /* Frameworks */ = {
			isa = PBXFrameworksBuildPhase;
			buildActionMask = 2147483647;
			files = (
			);
			runOnlyForDeploymentPostprocessing = 0;
		};
		D3D3038C1E96769A00A6366C /* Frameworks */ = {
			isa = PBXFrameworksBuildPhase;
			buildActionMask = 2147483647;
			files = (
				D3D303A11E967AA900A6366C /* WrappingStackView.framework in Frameworks */,
			);
			runOnlyForDeploymentPostprocessing = 0;
		};
/* End PBXFrameworksBuildPhase section */

/* Begin PBXGroup section */
		D34640F01E95568200E00146 = {
			isa = PBXGroup;
			children = (
				D34640FC1E95568300E00146 /* WrappingStackView */,
				D3D303901E96769A00A6366C /* WrappingStackViewExample */,
				D34640FB1E95568300E00146 /* Products */,
			);
			sourceTree = "<group>";
		};
		D34640FB1E95568300E00146 /* Products */ = {
			isa = PBXGroup;
			children = (
				D34640FA1E95568300E00146 /* WrappingStackView.framework */,
				D3D3038F1E96769A00A6366C /* WrappingStackViewExample.app */,
			);
			name = Products;
			sourceTree = "<group>";
		};
		D34640FC1E95568300E00146 /* WrappingStackView */ = {
			isa = PBXGroup;
			children = (
				D34641051E9556F700E00146 /* Sources */,
				D34640FD1E95568300E00146 /* WrappingStackView.h */,
				D34640FE1E95568300E00146 /* Info.plist */,
			);
			path = WrappingStackView;
			sourceTree = "<group>";
		};
		D34641051E9556F700E00146 /* Sources */ = {
			isa = PBXGroup;
			children = (
				D34641061E95571D00E00146 /* WrappingStackView.swift */,
				D34641081E95575200E00146 /* WrappingStackViewLine.swift */,
				D346410A1E9557B100E00146 /* UIView+Distortion.swift */,
			);
			name = Sources;
			path = ../../Sources;
			sourceTree = "<group>";
		};
		D3D303901E96769A00A6366C /* WrappingStackViewExample */ = {
			isa = PBXGroup;
			children = (
				D3D303911E96769A00A6366C /* AppDelegate.swift */,
				D3D303951E96769A00A6366C /* Main.storyboard */,
				D3D303981E96769A00A6366C /* Assets.xcassets */,
				D3D3039A1E96769A00A6366C /* LaunchScreen.storyboard */,
				D3D3039D1E96769A00A6366C /* Info.plist */,
			);
			path = WrappingStackViewExample;
			sourceTree = "<group>";
		};
/* End PBXGroup section */

/* Begin PBXHeadersBuildPhase section */
		D34640F71E95568300E00146 /* Headers */ = {
			isa = PBXHeadersBuildPhase;
			buildActionMask = 2147483647;
			files = (
				D34640FF1E95568300E00146 /* WrappingStackView.h in Headers */,
			);
			runOnlyForDeploymentPostprocessing = 0;
		};
/* End PBXHeadersBuildPhase section */

/* Begin PBXNativeTarget section */
		D34640F91E95568300E00146 /* WrappingStackView */ = {
			isa = PBXNativeTarget;
			buildConfigurationList = D34641021E95568300E00146 /* Build configuration list for PBXNativeTarget "WrappingStackView" */;
			buildPhases = (
				D34640F51E95568300E00146 /* Sources */,
				D34640F61E95568300E00146 /* Frameworks */,
				D34640F71E95568300E00146 /* Headers */,
				D34640F81E95568300E00146 /* Resources */,
			);
			buildRules = (
			);
			dependencies = (
			);
			name = WrappingStackView;
			productName = WrappingStackView;
			productReference = D34640FA1E95568300E00146 /* WrappingStackView.framework */;
			productType = "com.apple.product-type.framework";
		};
		D3D3038E1E96769A00A6366C /* WrappingStackViewExample */ = {
			isa = PBXNativeTarget;
			buildConfigurationList = D3D303A01E96769A00A6366C /* Build configuration list for PBXNativeTarget "WrappingStackViewExample" */;
			buildPhases = (
				D3D3038B1E96769A00A6366C /* Sources */,
				D3D3038C1E96769A00A6366C /* Frameworks */,
				D3D3038D1E96769A00A6366C /* Resources */,
			);
			buildRules = (
			);
			dependencies = (
			);
			name = WrappingStackViewExample;
			productName = WrappingStackViewExample;
			productReference = D3D3038F1E96769A00A6366C /* WrappingStackViewExample.app */;
			productType = "com.apple.product-type.application";
		};
/* End PBXNativeTarget section */

/* Begin PBXProject section */
		D34640F11E95568200E00146 /* Project object */ = {
			isa = PBXProject;
			attributes = {
				LastSwiftUpdateCheck = 0830;
				LastUpgradeCheck = 0830;
				ORGANIZATIONNAME = Trafi;
				TargetAttributes = {
					D34640F91E95568300E00146 = {
						CreatedOnToolsVersion = 8.3;
						LastSwiftMigration = 0830;
						ProvisioningStyle = Automatic;
					};
					D3D3038E1E96769A00A6366C = {
						CreatedOnToolsVersion = 8.3;
						ProvisioningStyle = Automatic;
					};
				};
			};
			buildConfigurationList = D34640F41E95568200E00146 /* Build configuration list for PBXProject "WrappingStackView" */;
			compatibilityVersion = "Xcode 3.2";
			developmentRegion = English;
			hasScannedForEncodings = 0;
			knownRegions = (
				en,
				Base,
			);
			mainGroup = D34640F01E95568200E00146;
			productRefGroup = D34640FB1E95568300E00146 /* Products */;
			projectDirPath = "";
			projectRoot = "";
			targets = (
				D34640F91E95568300E00146 /* WrappingStackView */,
				D3D3038E1E96769A00A6366C /* WrappingStackViewExample */,
			);
		};
/* End PBXProject section */

/* Begin PBXResourcesBuildPhase section */
		D34640F81E95568300E00146 /* Resources */ = {
			isa = PBXResourcesBuildPhase;
			buildActionMask = 2147483647;
			files = (
			);
			runOnlyForDeploymentPostprocessing = 0;
		};
		D3D3038D1E96769A00A6366C /* Resources */ = {
			isa = PBXResourcesBuildPhase;
			buildActionMask = 2147483647;
			files = (
				D3D3039C1E96769A00A6366C /* LaunchScreen.storyboard in Resources */,
				D3D303991E96769A00A6366C /* Assets.xcassets in Resources */,
				D3D303971E96769A00A6366C /* Main.storyboard in Resources */,
			);
			runOnlyForDeploymentPostprocessing = 0;
		};
/* End PBXResourcesBuildPhase section */

/* Begin PBXSourcesBuildPhase section */
		D34640F51E95568300E00146 /* Sources */ = {
			isa = PBXSourcesBuildPhase;
			buildActionMask = 2147483647;
			files = (
				D34641071E95571D00E00146 /* WrappingStackView.swift in Sources */,
				D346410B1E9557B100E00146 /* UIView+Distortion.swift in Sources */,
				D34641091E95575200E00146 /* WrappingStackViewLine.swift in Sources */,
			);
			runOnlyForDeploymentPostprocessing = 0;
		};
		D3D3038B1E96769A00A6366C /* Sources */ = {
			isa = PBXSourcesBuildPhase;
			buildActionMask = 2147483647;
			files = (
				D3D303921E96769A00A6366C /* AppDelegate.swift in Sources */,
			);
			runOnlyForDeploymentPostprocessing = 0;
		};
/* End PBXSourcesBuildPhase section */

/* Begin PBXVariantGroup section */
		D3D303951E96769A00A6366C /* Main.storyboard */ = {
			isa = PBXVariantGroup;
			children = (
				D3D303961E96769A00A6366C /* Base */,
			);
			name = Main.storyboard;
			sourceTree = "<group>";
		};
		D3D3039A1E96769A00A6366C /* LaunchScreen.storyboard */ = {
			isa = PBXVariantGroup;
			children = (
				D3D3039B1E96769A00A6366C /* Base */,
			);
			name = LaunchScreen.storyboard;
			sourceTree = "<group>";
		};
/* End PBXVariantGroup section */

/* Begin XCBuildConfiguration section */
		D34641001E95568300E00146 /* Debug */ = {
			isa = XCBuildConfiguration;
			buildSettings = {
				ALWAYS_SEARCH_USER_PATHS = NO;
				CLANG_ANALYZER_NONNULL = YES;
				CLANG_ANALYZER_NUMBER_OBJECT_CONVERSION = YES_AGGRESSIVE;
				CLANG_CXX_LANGUAGE_STANDARD = "gnu++0x";
				CLANG_CXX_LIBRARY = "libc++";
				CLANG_ENABLE_MODULES = YES;
				CLANG_ENABLE_OBJC_ARC = YES;
				CLANG_WARN_BOOL_CONVERSION = YES;
				CLANG_WARN_CONSTANT_CONVERSION = YES;
				CLANG_WARN_DIRECT_OBJC_ISA_USAGE = YES_ERROR;
				CLANG_WARN_DOCUMENTATION_COMMENTS = YES;
				CLANG_WARN_EMPTY_BODY = YES;
				CLANG_WARN_ENUM_CONVERSION = YES;
				CLANG_WARN_INFINITE_RECURSION = YES;
				CLANG_WARN_INT_CONVERSION = YES;
				CLANG_WARN_OBJC_ROOT_CLASS = YES_ERROR;
				CLANG_WARN_SUSPICIOUS_MOVE = YES;
				CLANG_WARN_UNREACHABLE_CODE = YES;
				CLANG_WARN__DUPLICATE_METHOD_MATCH = YES;
				"CODE_SIGN_IDENTITY[sdk=iphoneos*]" = "iPhone Developer";
				COPY_PHASE_STRIP = NO;
				CURRENT_PROJECT_VERSION = 1;
				DEBUG_INFORMATION_FORMAT = dwarf;
				ENABLE_STRICT_OBJC_MSGSEND = YES;
				ENABLE_TESTABILITY = YES;
				GCC_C_LANGUAGE_STANDARD = gnu99;
				GCC_DYNAMIC_NO_PIC = NO;
				GCC_NO_COMMON_BLOCKS = YES;
				GCC_OPTIMIZATION_LEVEL = 0;
				GCC_PREPROCESSOR_DEFINITIONS = (
					"DEBUG=1",
					"$(inherited)",
				);
				GCC_WARN_64_TO_32_BIT_CONVERSION = YES;
				GCC_WARN_ABOUT_RETURN_TYPE = YES_ERROR;
				GCC_WARN_UNDECLARED_SELECTOR = YES;
				GCC_WARN_UNINITIALIZED_AUTOS = YES_AGGRESSIVE;
				GCC_WARN_UNUSED_FUNCTION = YES;
				GCC_WARN_UNUSED_VARIABLE = YES;
				IPHONEOS_DEPLOYMENT_TARGET = 10.3;
				MTL_ENABLE_DEBUG_INFO = YES;
				ONLY_ACTIVE_ARCH = YES;
				SDKROOT = iphoneos;
				SWIFT_ACTIVE_COMPILATION_CONDITIONS = DEBUG;
				SWIFT_OPTIMIZATION_LEVEL = "-Onone";
				TARGETED_DEVICE_FAMILY = "1,2";
				VERSIONING_SYSTEM = "apple-generic";
				VERSION_INFO_PREFIX = "";
			};
			name = Debug;
		};
		D34641011E95568300E00146 /* Release */ = {
			isa = XCBuildConfiguration;
			buildSettings = {
				ALWAYS_SEARCH_USER_PATHS = NO;
				CLANG_ANALYZER_NONNULL = YES;
				CLANG_ANALYZER_NUMBER_OBJECT_CONVERSION = YES_AGGRESSIVE;
				CLANG_CXX_LANGUAGE_STANDARD = "gnu++0x";
				CLANG_CXX_LIBRARY = "libc++";
				CLANG_ENABLE_MODULES = YES;
				CLANG_ENABLE_OBJC_ARC = YES;
				CLANG_WARN_BOOL_CONVERSION = YES;
				CLANG_WARN_CONSTANT_CONVERSION = YES;
				CLANG_WARN_DIRECT_OBJC_ISA_USAGE = YES_ERROR;
				CLANG_WARN_DOCUMENTATION_COMMENTS = YES;
				CLANG_WARN_EMPTY_BODY = YES;
				CLANG_WARN_ENUM_CONVERSION = YES;
				CLANG_WARN_INFINITE_RECURSION = YES;
				CLANG_WARN_INT_CONVERSION = YES;
				CLANG_WARN_OBJC_ROOT_CLASS = YES_ERROR;
				CLANG_WARN_SUSPICIOUS_MOVE = YES;
				CLANG_WARN_UNREACHABLE_CODE = YES;
				CLANG_WARN__DUPLICATE_METHOD_MATCH = YES;
				"CODE_SIGN_IDENTITY[sdk=iphoneos*]" = "iPhone Developer";
				COPY_PHASE_STRIP = NO;
				CURRENT_PROJECT_VERSION = 1;
				DEBUG_INFORMATION_FORMAT = "dwarf-with-dsym";
				ENABLE_NS_ASSERTIONS = NO;
				ENABLE_STRICT_OBJC_MSGSEND = YES;
				GCC_C_LANGUAGE_STANDARD = gnu99;
				GCC_NO_COMMON_BLOCKS = YES;
				GCC_WARN_64_TO_32_BIT_CONVERSION = YES;
				GCC_WARN_ABOUT_RETURN_TYPE = YES_ERROR;
				GCC_WARN_UNDECLARED_SELECTOR = YES;
				GCC_WARN_UNINITIALIZED_AUTOS = YES_AGGRESSIVE;
				GCC_WARN_UNUSED_FUNCTION = YES;
				GCC_WARN_UNUSED_VARIABLE = YES;
				IPHONEOS_DEPLOYMENT_TARGET = 10.3;
				MTL_ENABLE_DEBUG_INFO = NO;
				SDKROOT = iphoneos;
				SWIFT_OPTIMIZATION_LEVEL = "-Owholemodule";
				TARGETED_DEVICE_FAMILY = "1,2";
				VALIDATE_PRODUCT = YES;
				VERSIONING_SYSTEM = "apple-generic";
				VERSION_INFO_PREFIX = "";
			};
			name = Release;
		};
		D34641031E95568300E00146 /* Debug */ = {
			isa = XCBuildConfiguration;
			buildSettings = {
				CLANG_ENABLE_MODULES = YES;
				CODE_SIGN_IDENTITY = "";
				DEFINES_MODULE = YES;
				DYLIB_COMPATIBILITY_VERSION = 1;
				DYLIB_CURRENT_VERSION = 1;
				DYLIB_INSTALL_NAME_BASE = "@rpath";
				INFOPLIST_FILE = WrappingStackView/Info.plist;
				INSTALL_PATH = "$(LOCAL_LIBRARY_DIR)/Frameworks";
				LD_RUNPATH_SEARCH_PATHS = "$(inherited) @executable_path/Frameworks @loader_path/Frameworks";
				PRODUCT_BUNDLE_IDENTIFIER = Trafi.WrappingStackView;
				PRODUCT_NAME = "$(TARGET_NAME)";
				SKIP_INSTALL = YES;
				SWIFT_OPTIMIZATION_LEVEL = "-Onone";
				SWIFT_VERSION = 3.0;
			};
			name = Debug;
		};
		D34641041E95568300E00146 /* Release */ = {
			isa = XCBuildConfiguration;
			buildSettings = {
				CLANG_ENABLE_MODULES = YES;
				CODE_SIGN_IDENTITY = "";
				DEFINES_MODULE = YES;
				DYLIB_COMPATIBILITY_VERSION = 1;
				DYLIB_CURRENT_VERSION = 1;
				DYLIB_INSTALL_NAME_BASE = "@rpath";
				INFOPLIST_FILE = WrappingStackView/Info.plist;
				INSTALL_PATH = "$(LOCAL_LIBRARY_DIR)/Frameworks";
				LD_RUNPATH_SEARCH_PATHS = "$(inherited) @executable_path/Frameworks @loader_path/Frameworks";
				PRODUCT_BUNDLE_IDENTIFIER = Trafi.WrappingStackView;
				PRODUCT_NAME = "$(TARGET_NAME)";
				SKIP_INSTALL = YES;
				SWIFT_VERSION = 3.0;
			};
			name = Release;
		};
		D3D3039E1E96769A00A6366C /* Debug */ = {
			isa = XCBuildConfiguration;
			buildSettings = {
				ASSETCATALOG_COMPILER_APPICON_NAME = AppIcon;
				INFOPLIST_FILE = WrappingStackViewExample/Info.plist;
				LD_RUNPATH_SEARCH_PATHS = "$(inherited) @executable_path/Frameworks";
				PRODUCT_BUNDLE_IDENTIFIER = Trafi.WrappingStackViewExample;
				PRODUCT_NAME = "$(TARGET_NAME)";
				SWIFT_VERSION = 3.0;
			};
			name = Debug;
		};
		D3D3039F1E96769A00A6366C /* Release */ = {
			isa = XCBuildConfiguration;
			buildSettings = {
				ASSETCATALOG_COMPILER_APPICON_NAME = AppIcon;
				INFOPLIST_FILE = WrappingStackViewExample/Info.plist;
				LD_RUNPATH_SEARCH_PATHS = "$(inherited) @executable_path/Frameworks";
				PRODUCT_BUNDLE_IDENTIFIER = Trafi.WrappingStackViewExample;
				PRODUCT_NAME = "$(TARGET_NAME)";
				SWIFT_VERSION = 3.0;
			};
			name = Release;
		};
/* End XCBuildConfiguration section */

/* Begin XCConfigurationList section */
		D34640F41E95568200E00146 /* Build configuration list for PBXProject "WrappingStackView" */ = {
			isa = XCConfigurationList;
			buildConfigurations = (
				D34641001E95568300E00146 /* Debug */,
				D34641011E95568300E00146 /* Release */,
			);
			defaultConfigurationIsVisible = 0;
			defaultConfigurationName = Release;
		};
		D34641021E95568300E00146 /* Build configuration list for PBXNativeTarget "WrappingStackView" */ = {
			isa = XCConfigurationList;
			buildConfigurations = (
				D34641031E95568300E00146 /* Debug */,
				D34641041E95568300E00146 /* Release */,
			);
			defaultConfigurationIsVisible = 0;
			defaultConfigurationName = Release;
		};
		D3D303A01E96769A00A6366C /* Build configuration list for PBXNativeTarget "WrappingStackViewExample" */ = {
			isa = XCConfigurationList;
			buildConfigurations = (
				D3D3039E1E96769A00A6366C /* Debug */,
				D3D3039F1E96769A00A6366C /* Release */,
			);
			defaultConfigurationIsVisible = 0;
			defaultConfigurationName = Release;
		};
/* End XCConfigurationList section */
	};
	rootObject = D34640F11E95568200E00146 /* Project object */;
}
